
Microsoft Visual Studio Solution File, Format Version 12.00
# Visual Studio Version 17
VisualStudioVersion = 17.14.36623.8
MinimumVisualStudioVersion = 10.0.40219.1
Project("{FAE04EC0-301F-11D3-BF4B-00C04F79EFBC}") = "CineMatch.Api", "CineMatch.Api\CineMatch.Api.csproj", "{435545B1-257E-8912-3309-2C5DCB54D3BB}"
EndProject
Global
	GlobalSection(SolutionConfigurationPlatforms) = preSolution
		Debug|Any CPU = Debug|Any CPU
		Release|Any CPU = Release|Any CPU
	EndGlobalSection
	GlobalSection(ProjectConfigurationPlatforms) = postSolution
		{435545B1-257E-8912-3309-2C5DCB54D3BB}.Debug|Any CPU.ActiveCfg = Debug|Any CPU
		{435545B1-257E-8912-3309-2C5DCB54D3BB}.Debug|Any CPU.Build.0 = Debug|Any CPU
		{435545B1-257E-8912-3309-2C5DCB54D3BB}.Release|Any CPU.ActiveCfg = Release|Any CPU
		{435545B1-257E-8912-3309-2C5DCB54D3BB}.Release|Any CPU.Build.0 = Release|Any CPU
	EndGlobalSection
	GlobalSection(SolutionProperties) = preSolution
		HideSolutionNode = FALSE
	EndGlobalSection
	GlobalSection(ExtensibilityGlobals) = postSolution
		SolutionGuid = {72B534C1-9021-4EEE-A0C2-25C4875FCD03}
	EndGlobalSection
EndGlobal
